
Microsoft Visual Studio Solution File, Format Version 12.00
# Visual Studio Version 16
VisualStudioVersion = 16.0.29728.190
MinimumVisualStudioVersion = 10.0.40219.1
Project("{9A19103F-16F7-4668-BE54-9A1E7A4F7556}") = "AutoTests.AutomationFramework.UI", "AutoTests.AutomationFramework.UI\AutoTests.AutomationFramework.UI.csproj", "{E03E3C83-34C1-46ED-B798-1EAC5E738DF2}"
EndProject
Project("{9A19103F-16F7-4668-BE54-9A1E7A4F7556}") = "AutoTests.HCA.Core.UI", "AutoTests.HCA.Core.UI\AutoTests.HCA.Core.UI.csproj", "{C4BD3DD4-AFA6-4C94-8286-5F4DCC1438C5}"
EndProject
Project("{9A19103F-16F7-4668-BE54-9A1E7A4F7556}") = "AutoTests.HCA.Tests", "AutoTests.HCA.Tests\AutoTests.HCA.Tests.csproj", "{EE570FA6-AC10-4269-BBD5-735BC82C3BB6}"
EndProject
Project("{9A19103F-16F7-4668-BE54-9A1E7A4F7556}") = "AutoTests.HCA.Core.API", "AutoTests.HCA.Core.API\AutoTests.HCA.Core.API.csproj", "{3919F4C9-F4D2-49AC-BD06-0383AB32F869}"
EndProject
Project("{9A19103F-16F7-4668-BE54-9A1E7A4F7556}") = "AutoTests.AutomationFramework.API", "AutoTests.AutomationFramework.API\AutoTests.AutomationFramework.API.csproj", "{20BA0C70-9952-4042-AFB2-CDEF481CCE0E}"
EndProject
Project("{9A19103F-16F7-4668-BE54-9A1E7A4F7556}") = "AutoTests.AutomationFramework.Shared", "AutoTests.AutomationFramework.Shared\AutoTests.AutomationFramework.Shared.csproj", "{D5A6A38F-AB56-424B-B0B2-57C56E896C5B}"
EndProject
Project("{2150E333-8FDC-42A3-9474-1A3956D46DE8}") = "AutomationFramework", "AutomationFramework", "{6C21A5FD-1C2A-4573-906A-6C759D4E4D6E}"
EndProject
Project("{9A19103F-16F7-4668-BE54-9A1E7A4F7556}") = "AutoTests.HCA.Common", "AutoTests.HCA.Shared\AutoTests.HCA.Common.csproj", "{6AB06CCB-0D41-4D26-9397-63DAF973A64F}"
EndProject
Project("{FAE04EC0-301F-11D3-BF4B-00C04F79EFBC}") = "AutoTests.HCA.Core", "AutoTests.HCA.Core\AutoTests.HCA.Core.csproj", "{E1B923C1-783F-4468-ABBB-658F86D3393F}"
EndProject
Global
	GlobalSection(SolutionConfigurationPlatforms) = preSolution
		Debug|Any CPU = Debug|Any CPU
		Release|Any CPU = Release|Any CPU
	EndGlobalSection
	GlobalSection(ProjectConfigurationPlatforms) = postSolution
		{E03E3C83-34C1-46ED-B798-1EAC5E738DF2}.Debug|Any CPU.ActiveCfg = Debug|Any CPU
		{E03E3C83-34C1-46ED-B798-1EAC5E738DF2}.Debug|Any CPU.Build.0 = Debug|Any CPU
		{E03E3C83-34C1-46ED-B798-1EAC5E738DF2}.Release|Any CPU.ActiveCfg = Release|Any CPU
		{E03E3C83-34C1-46ED-B798-1EAC5E738DF2}.Release|Any CPU.Build.0 = Release|Any CPU
		{C4BD3DD4-AFA6-4C94-8286-5F4DCC1438C5}.Debug|Any CPU.ActiveCfg = Debug|Any CPU
		{C4BD3DD4-AFA6-4C94-8286-5F4DCC1438C5}.Debug|Any CPU.Build.0 = Debug|Any CPU
		{C4BD3DD4-AFA6-4C94-8286-5F4DCC1438C5}.Release|Any CPU.ActiveCfg = Release|Any CPU
		{C4BD3DD4-AFA6-4C94-8286-5F4DCC1438C5}.Release|Any CPU.Build.0 = Release|Any CPU
		{EE570FA6-AC10-4269-BBD5-735BC82C3BB6}.Debug|Any CPU.ActiveCfg = Debug|Any CPU
		{EE570FA6-AC10-4269-BBD5-735BC82C3BB6}.Debug|Any CPU.Build.0 = Debug|Any CPU
		{EE570FA6-AC10-4269-BBD5-735BC82C3BB6}.Release|Any CPU.ActiveCfg = Release|Any CPU
		{EE570FA6-AC10-4269-BBD5-735BC82C3BB6}.Release|Any CPU.Build.0 = Release|Any CPU
		{3919F4C9-F4D2-49AC-BD06-0383AB32F869}.Debug|Any CPU.ActiveCfg = Debug|Any CPU
		{3919F4C9-F4D2-49AC-BD06-0383AB32F869}.Debug|Any CPU.Build.0 = Debug|Any CPU
		{3919F4C9-F4D2-49AC-BD06-0383AB32F869}.Release|Any CPU.ActiveCfg = Release|Any CPU
		{3919F4C9-F4D2-49AC-BD06-0383AB32F869}.Release|Any CPU.Build.0 = Release|Any CPU
		{20BA0C70-9952-4042-AFB2-CDEF481CCE0E}.Debug|Any CPU.ActiveCfg = Debug|Any CPU
		{20BA0C70-9952-4042-AFB2-CDEF481CCE0E}.Debug|Any CPU.Build.0 = Debug|Any CPU
		{20BA0C70-9952-4042-AFB2-CDEF481CCE0E}.Release|Any CPU.ActiveCfg = Release|Any CPU
		{20BA0C70-9952-4042-AFB2-CDEF481CCE0E}.Release|Any CPU.Build.0 = Release|Any CPU
		{D5A6A38F-AB56-424B-B0B2-57C56E896C5B}.Debug|Any CPU.ActiveCfg = Debug|Any CPU
		{D5A6A38F-AB56-424B-B0B2-57C56E896C5B}.Debug|Any CPU.Build.0 = Debug|Any CPU
		{D5A6A38F-AB56-424B-B0B2-57C56E896C5B}.Release|Any CPU.ActiveCfg = Release|Any CPU
		{D5A6A38F-AB56-424B-B0B2-57C56E896C5B}.Release|Any CPU.Build.0 = Release|Any CPU
		{6AB06CCB-0D41-4D26-9397-63DAF973A64F}.Debug|Any CPU.ActiveCfg = Debug|Any CPU
		{6AB06CCB-0D41-4D26-9397-63DAF973A64F}.Debug|Any CPU.Build.0 = Debug|Any CPU
		{6AB06CCB-0D41-4D26-9397-63DAF973A64F}.Release|Any CPU.ActiveCfg = Release|Any CPU
		{6AB06CCB-0D41-4D26-9397-63DAF973A64F}.Release|Any CPU.Build.0 = Release|Any CPU
		{E1B923C1-783F-4468-ABBB-658F86D3393F}.Debug|Any CPU.ActiveCfg = Debug|Any CPU
		{E1B923C1-783F-4468-ABBB-658F86D3393F}.Debug|Any CPU.Build.0 = Debug|Any CPU
		{E1B923C1-783F-4468-ABBB-658F86D3393F}.Release|Any CPU.ActiveCfg = Release|Any CPU
		{E1B923C1-783F-4468-ABBB-658F86D3393F}.Release|Any CPU.Build.0 = Release|Any CPU
	EndGlobalSection
	GlobalSection(SolutionProperties) = preSolution
		HideSolutionNode = FALSE
	EndGlobalSection
	GlobalSection(NestedProjects) = preSolution
		{E03E3C83-34C1-46ED-B798-1EAC5E738DF2} = {6C21A5FD-1C2A-4573-906A-6C759D4E4D6E}
		{20BA0C70-9952-4042-AFB2-CDEF481CCE0E} = {6C21A5FD-1C2A-4573-906A-6C759D4E4D6E}
		{D5A6A38F-AB56-424B-B0B2-57C56E896C5B} = {6C21A5FD-1C2A-4573-906A-6C759D4E4D6E}
	EndGlobalSection
	GlobalSection(ExtensibilityGlobals) = postSolution
		SolutionGuid = {5A47FAE6-A4DC-4C0C-B751-60D003E2F36C}
	EndGlobalSection
EndGlobal
