
Microsoft Visual Studio Solution File, Format Version 12.00
# Visual Studio Version 16
VisualStudioVersion = 16.0.29728.190
MinimumVisualStudioVersion = 10.0.40219.1
Project("{9A19103F-16F7-4668-BE54-9A1E7A4F7556}") = "Ui.AutomationFramework", "Ui.AutomationFramework\Ui.AutomationFramework.csproj", "{E03E3C83-34C1-46ED-B798-1EAC5E738DF2}"
EndProject
Project("{9A19103F-16F7-4668-BE54-9A1E7A4F7556}") = "Ui.HCA.Pages", "Ui.HCA.Pages\Ui.HCA.Pages.csproj", "{C4BD3DD4-AFA6-4C94-8286-5F4DCC1438C5}"
EndProject
Project("{9A19103F-16F7-4668-BE54-9A1E7A4F7556}") = "HCA.Tests", "HCA.Tests\HCA.Tests.csproj", "{EE570FA6-AC10-4269-BBD5-735BC82C3BB6}"
EndProject
Project("{9A19103F-16F7-4668-BE54-9A1E7A4F7556}") = "Api.HCA.Core", "Api.HCA.Core\Api.HCA.Core.csproj", "{3919F4C9-F4D2-49AC-BD06-0383AB32F869}"
EndProject
Project("{FAE04EC0-301F-11D3-BF4B-00C04F79EFBC}") = "Api.AutomationFramework", "Api.AutomationFramework\Api.AutomationFramework.csproj", "{20BA0C70-9952-4042-AFB2-CDEF481CCE0E}"
EndProject
Project("{2150E333-8FDC-42A3-9474-1A3956D46DE8}") = "Ui", "Ui", "{27FA3CFD-5494-4888-919D-D52058A5845B}"
EndProject
Project("{2150E333-8FDC-42A3-9474-1A3956D46DE8}") = "Api", "Api", "{F1220F64-A79E-4424-B78A-659C33DA927B}"
EndProject
Global
	GlobalSection(SolutionConfigurationPlatforms) = preSolution
		Debug|Any CPU = Debug|Any CPU
		Release|Any CPU = Release|Any CPU
	EndGlobalSection
	GlobalSection(ProjectConfigurationPlatforms) = postSolution
		{E03E3C83-34C1-46ED-B798-1EAC5E738DF2}.Debug|Any CPU.ActiveCfg = Debug|Any CPU
		{E03E3C83-34C1-46ED-B798-1EAC5E738DF2}.Debug|Any CPU.Build.0 = Debug|Any CPU
		{E03E3C83-34C1-46ED-B798-1EAC5E738DF2}.Release|Any CPU.ActiveCfg = Release|Any CPU
		{E03E3C83-34C1-46ED-B798-1EAC5E738DF2}.Release|Any CPU.Build.0 = Release|Any CPU
		{C4BD3DD4-AFA6-4C94-8286-5F4DCC1438C5}.Debug|Any CPU.ActiveCfg = Debug|Any CPU
		{C4BD3DD4-AFA6-4C94-8286-5F4DCC1438C5}.Debug|Any CPU.Build.0 = Debug|Any CPU
		{C4BD3DD4-AFA6-4C94-8286-5F4DCC1438C5}.Release|Any CPU.ActiveCfg = Release|Any CPU
		{C4BD3DD4-AFA6-4C94-8286-5F4DCC1438C5}.Release|Any CPU.Build.0 = Release|Any CPU
		{EE570FA6-AC10-4269-BBD5-735BC82C3BB6}.Debug|Any CPU.ActiveCfg = Debug|Any CPU
		{EE570FA6-AC10-4269-BBD5-735BC82C3BB6}.Debug|Any CPU.Build.0 = Debug|Any CPU
		{EE570FA6-AC10-4269-BBD5-735BC82C3BB6}.Release|Any CPU.ActiveCfg = Release|Any CPU
		{EE570FA6-AC10-4269-BBD5-735BC82C3BB6}.Release|Any CPU.Build.0 = Release|Any CPU
		{3919F4C9-F4D2-49AC-BD06-0383AB32F869}.Debug|Any CPU.ActiveCfg = Debug|Any CPU
		{3919F4C9-F4D2-49AC-BD06-0383AB32F869}.Debug|Any CPU.Build.0 = Debug|Any CPU
		{3919F4C9-F4D2-49AC-BD06-0383AB32F869}.Release|Any CPU.ActiveCfg = Release|Any CPU
		{3919F4C9-F4D2-49AC-BD06-0383AB32F869}.Release|Any CPU.Build.0 = Release|Any CPU
		{20BA0C70-9952-4042-AFB2-CDEF481CCE0E}.Debug|Any CPU.ActiveCfg = Debug|Any CPU
		{20BA0C70-9952-4042-AFB2-CDEF481CCE0E}.Debug|Any CPU.Build.0 = Debug|Any CPU
		{20BA0C70-9952-4042-AFB2-CDEF481CCE0E}.Release|Any CPU.ActiveCfg = Release|Any CPU
		{20BA0C70-9952-4042-AFB2-CDEF481CCE0E}.Release|Any CPU.Build.0 = Release|Any CPU
	EndGlobalSection
	GlobalSection(SolutionProperties) = preSolution
		HideSolutionNode = FALSE
	EndGlobalSection
	GlobalSection(NestedProjects) = preSolution
		{E03E3C83-34C1-46ED-B798-1EAC5E738DF2} = {27FA3CFD-5494-4888-919D-D52058A5845B}
		{C4BD3DD4-AFA6-4C94-8286-5F4DCC1438C5} = {27FA3CFD-5494-4888-919D-D52058A5845B}
		{3919F4C9-F4D2-49AC-BD06-0383AB32F869} = {F1220F64-A79E-4424-B78A-659C33DA927B}
		{20BA0C70-9952-4042-AFB2-CDEF481CCE0E} = {F1220F64-A79E-4424-B78A-659C33DA927B}
	EndGlobalSection
	GlobalSection(ExtensibilityGlobals) = postSolution
		SolutionGuid = {5A47FAE6-A4DC-4C0C-B751-60D003E2F36C}
	EndGlobalSection
EndGlobal
