
Microsoft Visual Studio Solution File, Format Version 12.00
# Visual Studio Version 16
VisualStudioVersion = 16.0.30011.22
MinimumVisualStudioVersion = 10.0.40219.1
Project("{9A19103F-16F7-4668-BE54-9A1E7A4F7556}") = "Core", "Core\Core.csproj", "{991C0B22-C25B-4AE2-9AA8-4209F67A6D0C}"
EndProject
Project("{9A19103F-16F7-4668-BE54-9A1E7A4F7556}") = "HCA.Pages", "HCA.Pages\HCA.Pages.csproj", "{C6EDF071-74BF-477E-9089-DFBA5C03D357}"
EndProject
Project("{9A19103F-16F7-4668-BE54-9A1E7A4F7556}") = "HCA.Tests", "HCA.Tests\HCA.Tests.csproj", "{8FC632C8-68F8-4A8C-9C25-F1814EC0EA9F}"
EndProject
Global
	GlobalSection(SolutionConfigurationPlatforms) = preSolution
		Debug|Any CPU = Debug|Any CPU
		Release|Any CPU = Release|Any CPU
	EndGlobalSection
	GlobalSection(ProjectConfigurationPlatforms) = postSolution
		{991C0B22-C25B-4AE2-9AA8-4209F67A6D0C}.Debug|Any CPU.ActiveCfg = Debug|Any CPU
		{991C0B22-C25B-4AE2-9AA8-4209F67A6D0C}.Debug|Any CPU.Build.0 = Debug|Any CPU
		{991C0B22-C25B-4AE2-9AA8-4209F67A6D0C}.Release|Any CPU.ActiveCfg = Release|Any CPU
		{991C0B22-C25B-4AE2-9AA8-4209F67A6D0C}.Release|Any CPU.Build.0 = Release|Any CPU
		{C6EDF071-74BF-477E-9089-DFBA5C03D357}.Debug|Any CPU.ActiveCfg = Debug|Any CPU
		{C6EDF071-74BF-477E-9089-DFBA5C03D357}.Debug|Any CPU.Build.0 = Debug|Any CPU
		{C6EDF071-74BF-477E-9089-DFBA5C03D357}.Release|Any CPU.ActiveCfg = Release|Any CPU
		{C6EDF071-74BF-477E-9089-DFBA5C03D357}.Release|Any CPU.Build.0 = Release|Any CPU
		{8FC632C8-68F8-4A8C-9C25-F1814EC0EA9F}.Debug|Any CPU.ActiveCfg = Debug|Any CPU
		{8FC632C8-68F8-4A8C-9C25-F1814EC0EA9F}.Debug|Any CPU.Build.0 = Debug|Any CPU
		{8FC632C8-68F8-4A8C-9C25-F1814EC0EA9F}.Release|Any CPU.ActiveCfg = Release|Any CPU
		{8FC632C8-68F8-4A8C-9C25-F1814EC0EA9F}.Release|Any CPU.Build.0 = Release|Any CPU
	EndGlobalSection
	GlobalSection(SolutionProperties) = preSolution
		HideSolutionNode = FALSE
	EndGlobalSection
	GlobalSection(ExtensibilityGlobals) = postSolution
		SolutionGuid = {F84F2B11-F7F1-440D-9122-2671E29509D6}
	EndGlobalSection
EndGlobal
