Microsoft Visual Studio Solution File, Format Version 12.00
# Visual Studio Version 16
VisualStudioVersion = 16.0.29009.5
MinimumVisualStudioVersion = 10.0.40219.1
Project("{2150E333-8FDC-42A3-9474-1A3956D46DE8}") = "HCA", "HCA", "{177D69BE-C6B7-4D1C-B489-C31F5441469D}"
EndProject
Project("{FAE04EC0-301F-11D3-BF4B-00C04F79EFBC}") = "HCA.Project.HCA", "Project\HCA\website\HCA.Project.HCA.csproj", "{205DDE5D-D805-4CEF-8557-EE47994715E4}"
EndProject
Project("{FAE04EC0-301F-11D3-BF4B-00C04F79EFBC}") = "HCA.Project.HCA.Tests", "Project\HCA\tests\HCA.Project.HCA.Tests.csproj", "{18FDEB2F-FAD3-4DD8-8DA8-B159ACA7E601}"
EndProject
Project("{2150E333-8FDC-42A3-9474-1A3956D46DE8}") = "Catalog", "Catalog", "{9031376E-3342-44C7-A625-32A0D1565E63}"
EndProject
Project("{2150E333-8FDC-42A3-9474-1A3956D46DE8}") = "Navigation", "Navigation", "{22B82993-5FA3-4C7C-841D-8D706580C62A}"
EndProject
Project("{2150E333-8FDC-42A3-9474-1A3956D46DE8}") = "Checkout", "Checkout", "{612AAC73-F928-4CD3-BE9C-7A580A70801B}"
EndProject
Project("{2150E333-8FDC-42A3-9474-1A3956D46DE8}") = "PageContent", "PageContent", "{B9C55B57-8B6D-40FA-B7D7-779BF403FA89}"
EndProject
Project("{2150E333-8FDC-42A3-9474-1A3956D46DE8}") = "Account", "Account", "{E884A655-AB70-4C73-8038-C873D33A134E}"
EndProject
Project("{FAE04EC0-301F-11D3-BF4B-00C04F79EFBC}") = "HCA.Feature.Catalog", "Feature\Catalog\website\HCA.Feature.Catalog.csproj", "{61042C03-F29B-4215-8A26-09395550B64F}"
EndProject
Project("{FAE04EC0-301F-11D3-BF4B-00C04F79EFBC}") = "HCA.Feature.Catalog.Tests", "Feature\Catalog\tests\HCA.Feature.Catalog.Tests.csproj", "{35FBFAA6-1F69-4A76-8822-62C9A5F8B26B}"
EndProject
Project("{FAE04EC0-301F-11D3-BF4B-00C04F79EFBC}") = "HCA.Feature.Navigation", "Feature\Navigation\website\HCA.Feature.Navigation.csproj", "{A35E6B68-E557-4F13-8DCA-294ECC4BE538}"
EndProject
Project("{FAE04EC0-301F-11D3-BF4B-00C04F79EFBC}") = "HCA.Feature.Navigation.Tests", "Feature\Navigation\tests\HCA.Feature.Navigation.Tests.csproj", "{28788C31-2063-4659-8DC5-1A4F7F8A22FC}"
EndProject
Project("{FAE04EC0-301F-11D3-BF4B-00C04F79EFBC}") = "HCA.Feature.Checkout", "Feature\Checkout\website\HCA.Feature.Checkout.csproj", "{EC1DB1BE-B3A9-4AC2-8700-34186E20444A}"
EndProject
Project("{FAE04EC0-301F-11D3-BF4B-00C04F79EFBC}") = "HCA.Feature.Checkout.Tests", "Feature\Checkout\tests\HCA.Feature.Checkout.Tests.csproj", "{D35A48D3-EF46-4FEE-889D-904215328733}"
EndProject
Project("{FAE04EC0-301F-11D3-BF4B-00C04F79EFBC}") = "HCA.Feature.PageContent", "Feature\PageContent\website\HCA.Feature.PageContent.csproj", "{7965514A-09D8-4E76-81A5-173FE3FD0F6E}"
EndProject
Project("{FAE04EC0-301F-11D3-BF4B-00C04F79EFBC}") = "HCA.Feature.PageContent.Tests", "Feature\PageContent\tests\HCA.Feature.PageContent.Tests.csproj", "{4935AB77-560F-4D05-8ACB-1AE1A8621EEB}"
EndProject
Project("{FAE04EC0-301F-11D3-BF4B-00C04F79EFBC}") = "HCA.Feature.Account", "Feature\Account\website\HCA.Feature.Account.csproj", "{F113FC93-32D0-417A-8093-D2C6CFDAEEA9}"
EndProject
Project("{FAE04EC0-301F-11D3-BF4B-00C04F79EFBC}") = "HCA.Feature.Account.Tests", "Feature\Account\tests\HCA.Feature.Account.Tests.csproj", "{7650C763-7504-4B6C-8037-92237487741D}"
EndProject
Project("{2150E333-8FDC-42A3-9474-1A3956D46DE8}") = "Account", "Account", "{E14AB398-8319-41E2-8A0F-9E2316DBD217}"
EndProject
Project("{2150E333-8FDC-42A3-9474-1A3956D46DE8}") = "Base", "Base", "{BCE225B2-085A-4460-B74B-09F317A393DA}"
EndProject
Project("{2150E333-8FDC-42A3-9474-1A3956D46DE8}") = "GlassMapper", "GlassMapper", "{D86EF59A-4577-4064-9FDF-978860D6095C}"
EndProject
Project("{2150E333-8FDC-42A3-9474-1A3956D46DE8}") = "Serialization", "Serialization", "{04C48AC7-49F3-4386-8699-D8BDA782AD35}"
EndProject
Project("{2150E333-8FDC-42A3-9474-1A3956D46DE8}") = "DependencyInjection", "DependencyInjection", "{B8BF2940-968E-4DDF-8ADB-F3F0CE21C45C}"
EndProject
Project("{2150E333-8FDC-42A3-9474-1A3956D46DE8}") = "ReactJss", "ReactJss", "{D0D4F129-F353-4898-ABA0-40EF812B366F}"
EndProject
Project("{2150E333-8FDC-42A3-9474-1A3956D46DE8}") = "Commerce", "Commerce", "{402DC165-AB11-4C12-A186-E30BEE7FB9F4}"
EndProject
Project("{2150E333-8FDC-42A3-9474-1A3956D46DE8}") = "Connect", "Connect", "{5AC8E2F9-D395-43AD-A8A9-628993206C83}"
EndProject
Project("{FAE04EC0-301F-11D3-BF4B-00C04F79EFBC}") = "HCA.Foundation.Account.Tests", "Foundation\Account\tests\HCA.Foundation.Account.Tests.csproj", "{E2A02D35-08C9-4256-AD41-9C12B3BD6073}"
EndProject
Project("{FAE04EC0-301F-11D3-BF4B-00C04F79EFBC}") = "HCA.Foundation.Account", "Foundation\Account\website\HCA.Foundation.Account.csproj", "{74C245AA-2561-4A2A-ADBD-E7D4045F6227}"
EndProject
Project("{FAE04EC0-301F-11D3-BF4B-00C04F79EFBC}") = "HCA.Foundation.Base.Tests", "Foundation\Base\tests\HCA.Foundation.Base.Tests.csproj", "{D21D9F75-F1D7-42C7-998C-712CCE2F2F0E}"
EndProject
Project("{FAE04EC0-301F-11D3-BF4B-00C04F79EFBC}") = "HCA.Foundation.Base", "Foundation\Base\website\HCA.Foundation.Base.csproj", "{FF564A60-1CC7-4BAE-B859-88DE35FDA77A}"
EndProject
Project("{FAE04EC0-301F-11D3-BF4B-00C04F79EFBC}") = "HCA.Foundation.GlassMapper", "Foundation\GlassMapper\website\HCA.Foundation.GlassMapper.csproj", "{0044B0CA-ABE2-4365-B1B2-1E347993B4AA}"
EndProject
Project("{FAE04EC0-301F-11D3-BF4B-00C04F79EFBC}") = "HCA.Foundation.Serialization", "Foundation\Serialization\website\HCA.Foundation.Serialization.csproj", "{BA492296-6396-413B-900B-AA9904768EF1}"
EndProject
Project("{FAE04EC0-301F-11D3-BF4B-00C04F79EFBC}") = "HCA.Foundation.DependencyInjection", "Foundation\DependencyInjection\website\HCA.Foundation.DependencyInjection.csproj", "{A5A4DCEB-88ED-4B5F-A06D-DBCBC828D45F}"
EndProject
Project("{FAE04EC0-301F-11D3-BF4B-00C04F79EFBC}") = "HCA.Foundation.DependencyInjection.Tests", "Foundation\DependencyInjection\tests\HCA.Foundation.DependencyInjection.Tests.csproj", "{DA098052-8409-40B0-8B31-640B2400AAB8}"
EndProject
Project("{FAE04EC0-301F-11D3-BF4B-00C04F79EFBC}") = "HCA.Foundation.ReactJss", "Foundation\ReactJss\website\HCA.Foundation.ReactJss.csproj", "{9F27A62C-2A80-42F8-8BF0-3877B65C0427}"
EndProject
Project("{FAE04EC0-301F-11D3-BF4B-00C04F79EFBC}") = "HCA.Foundation.ReactJss.Tests", "Foundation\ReactJss\tests\HCA.Foundation.ReactJss.Tests.csproj", "{F05238CC-F50C-437B-8AFE-41784E864139}"
EndProject
Project("{FAE04EC0-301F-11D3-BF4B-00C04F79EFBC}") = "HCA.Foundation.Commerce", "Foundation\Commerce\website\HCA.Foundation.Commerce.csproj", "{4CD01A37-76D8-4A6A-8822-014369C4243D}"
EndProject
Project("{FAE04EC0-301F-11D3-BF4B-00C04F79EFBC}") = "HCA.Foundation.Commerce.Tests", "Foundation\Commerce\tests\HCA.Foundation.Commerce.Tests.csproj", "{CE6673B9-1F7B-466E-8E79-03E5E5A0A1D1}"
EndProject
Project("{FAE04EC0-301F-11D3-BF4B-00C04F79EFBC}") = "HCA.Foundation.Connect", "Foundation\Connect\website\HCA.Foundation.Connect.csproj", "{60CD1765-857B-4BC8-831E-7526264F1EC5}"
EndProject
Project("{FAE04EC0-301F-11D3-BF4B-00C04F79EFBC}") = "HCA.Foundation.Connect.Tests", "Foundation\Connect\tests\HCA.Foundation.Connect.Tests.csproj", "{221EEF08-DE62-4336-87D0-1AB2A0BDBFA8}"
EndProject
Project("{2150E333-8FDC-42A3-9474-1A3956D46DE8}") = "Configuration", "Configuration", "{DF3B36CF-6D1C-415A-8115-C806AAE79DB9}"
	ProjectSection(SolutionItems) = preProject
		build-ci.ps1 = build-ci.ps1
		build.cake = build.cake
		build.ps1 = build.ps1
		cake.config = cake.config
		commands.json = commands.json
		package.json = package.json
		publishsettings.targets = publishsettings.targets
		readme.md = readme.md
	EndProjectSection
EndProject
Project("{2150E333-8FDC-42A3-9474-1A3956D46DE8}") = "Foundation", "Foundation", "{D70DA070-FACF-45F0-B63F-22766D1E1D3E}"
EndProject
Project("{2150E333-8FDC-42A3-9474-1A3956D46DE8}") = "Feature", "Feature", "{8B6B8128-AD7B-4331-9DC0-0AFE37FC45E1}"
EndProject
Project("{2150E333-8FDC-42A3-9474-1A3956D46DE8}") = "Project", "Project", "{D7471233-EE41-4080-8C58-12D5033C644A}"
EndProject
Project("{2150E333-8FDC-42A3-9474-1A3956D46DE8}") = "Analytics", "Analytics", "{BA112566-FFAA-4B5C-BD91-2F9FF03E9CDD}"
EndProject
Project("{FAE04EC0-301F-11D3-BF4B-00C04F79EFBC}") = "HCA.Foundation.Analytics", "Foundation\Analytics\website\HCA.Foundation.Analytics.csproj", "{919F57BC-39FD-4EFC-A1F9-447A50D7A8B0}"
EndProject
Project("{FAE04EC0-301F-11D3-BF4B-00C04F79EFBC}") = "HCA.Foundation.Analytics.Tests", "Foundation\Analytics\tests\HCA.Foundation.Analytics.Tests.csproj", "{C9E1E3CD-1A25-4D33-B65E-845958519EE5}"
EndProject
Project("{2150E333-8FDC-42A3-9474-1A3956D46DE8}") = "Analytics", "Analytics", "{F4268787-EE68-4A5B-844F-570EED61CE9A}"
EndProject
Global
	GlobalSection(SolutionConfigurationPlatforms) = preSolution
		Debug|Any CPU = Debug|Any CPU
		Release|Any CPU = Release|Any CPU
	EndGlobalSection
	GlobalSection(ProjectConfigurationPlatforms) = postSolution
		{205DDE5D-D805-4CEF-8557-EE47994715E4}.Debug|Any CPU.ActiveCfg = Debug|Any CPU
		{205DDE5D-D805-4CEF-8557-EE47994715E4}.Debug|Any CPU.Build.0 = Debug|Any CPU
		{205DDE5D-D805-4CEF-8557-EE47994715E4}.Release|Any CPU.ActiveCfg = Release|Any CPU
		{205DDE5D-D805-4CEF-8557-EE47994715E4}.Release|Any CPU.Build.0 = Release|Any CPU
		{18FDEB2F-FAD3-4DD8-8DA8-B159ACA7E601}.Debug|Any CPU.ActiveCfg = Debug|Any CPU
		{18FDEB2F-FAD3-4DD8-8DA8-B159ACA7E601}.Debug|Any CPU.Build.0 = Debug|Any CPU
		{18FDEB2F-FAD3-4DD8-8DA8-B159ACA7E601}.Release|Any CPU.ActiveCfg = Release|Any CPU
		{18FDEB2F-FAD3-4DD8-8DA8-B159ACA7E601}.Release|Any CPU.Build.0 = Release|Any CPU
		{61042C03-F29B-4215-8A26-09395550B64F}.Debug|Any CPU.ActiveCfg = Debug|Any CPU
		{61042C03-F29B-4215-8A26-09395550B64F}.Debug|Any CPU.Build.0 = Debug|Any CPU
		{61042C03-F29B-4215-8A26-09395550B64F}.Release|Any CPU.ActiveCfg = Release|Any CPU
		{61042C03-F29B-4215-8A26-09395550B64F}.Release|Any CPU.Build.0 = Release|Any CPU
		{35FBFAA6-1F69-4A76-8822-62C9A5F8B26B}.Debug|Any CPU.ActiveCfg = Debug|Any CPU
		{35FBFAA6-1F69-4A76-8822-62C9A5F8B26B}.Debug|Any CPU.Build.0 = Debug|Any CPU
		{35FBFAA6-1F69-4A76-8822-62C9A5F8B26B}.Release|Any CPU.ActiveCfg = Release|Any CPU
		{35FBFAA6-1F69-4A76-8822-62C9A5F8B26B}.Release|Any CPU.Build.0 = Release|Any CPU
		{A35E6B68-E557-4F13-8DCA-294ECC4BE538}.Debug|Any CPU.ActiveCfg = Debug|Any CPU
		{A35E6B68-E557-4F13-8DCA-294ECC4BE538}.Debug|Any CPU.Build.0 = Debug|Any CPU
		{A35E6B68-E557-4F13-8DCA-294ECC4BE538}.Release|Any CPU.ActiveCfg = Release|Any CPU
		{A35E6B68-E557-4F13-8DCA-294ECC4BE538}.Release|Any CPU.Build.0 = Release|Any CPU
		{28788C31-2063-4659-8DC5-1A4F7F8A22FC}.Debug|Any CPU.ActiveCfg = Debug|Any CPU
		{28788C31-2063-4659-8DC5-1A4F7F8A22FC}.Debug|Any CPU.Build.0 = Debug|Any CPU
		{28788C31-2063-4659-8DC5-1A4F7F8A22FC}.Release|Any CPU.ActiveCfg = Release|Any CPU
		{28788C31-2063-4659-8DC5-1A4F7F8A22FC}.Release|Any CPU.Build.0 = Release|Any CPU
		{EC1DB1BE-B3A9-4AC2-8700-34186E20444A}.Debug|Any CPU.ActiveCfg = Debug|Any CPU
		{EC1DB1BE-B3A9-4AC2-8700-34186E20444A}.Debug|Any CPU.Build.0 = Debug|Any CPU
		{EC1DB1BE-B3A9-4AC2-8700-34186E20444A}.Release|Any CPU.ActiveCfg = Release|Any CPU
		{EC1DB1BE-B3A9-4AC2-8700-34186E20444A}.Release|Any CPU.Build.0 = Release|Any CPU
		{D35A48D3-EF46-4FEE-889D-904215328733}.Debug|Any CPU.ActiveCfg = Debug|Any CPU
		{D35A48D3-EF46-4FEE-889D-904215328733}.Debug|Any CPU.Build.0 = Debug|Any CPU
		{D35A48D3-EF46-4FEE-889D-904215328733}.Release|Any CPU.ActiveCfg = Release|Any CPU
		{D35A48D3-EF46-4FEE-889D-904215328733}.Release|Any CPU.Build.0 = Release|Any CPU
		{7965514A-09D8-4E76-81A5-173FE3FD0F6E}.Debug|Any CPU.ActiveCfg = Debug|Any CPU
		{7965514A-09D8-4E76-81A5-173FE3FD0F6E}.Debug|Any CPU.Build.0 = Debug|Any CPU
		{7965514A-09D8-4E76-81A5-173FE3FD0F6E}.Release|Any CPU.ActiveCfg = Release|Any CPU
		{7965514A-09D8-4E76-81A5-173FE3FD0F6E}.Release|Any CPU.Build.0 = Release|Any CPU
		{4935AB77-560F-4D05-8ACB-1AE1A8621EEB}.Debug|Any CPU.ActiveCfg = Debug|Any CPU
		{4935AB77-560F-4D05-8ACB-1AE1A8621EEB}.Debug|Any CPU.Build.0 = Debug|Any CPU
		{4935AB77-560F-4D05-8ACB-1AE1A8621EEB}.Release|Any CPU.ActiveCfg = Release|Any CPU
		{4935AB77-560F-4D05-8ACB-1AE1A8621EEB}.Release|Any CPU.Build.0 = Release|Any CPU
		{F113FC93-32D0-417A-8093-D2C6CFDAEEA9}.Debug|Any CPU.ActiveCfg = Debug|Any CPU
		{F113FC93-32D0-417A-8093-D2C6CFDAEEA9}.Debug|Any CPU.Build.0 = Debug|Any CPU
		{F113FC93-32D0-417A-8093-D2C6CFDAEEA9}.Release|Any CPU.ActiveCfg = Release|Any CPU
		{F113FC93-32D0-417A-8093-D2C6CFDAEEA9}.Release|Any CPU.Build.0 = Release|Any CPU
		{7650C763-7504-4B6C-8037-92237487741D}.Debug|Any CPU.ActiveCfg = Debug|Any CPU
		{7650C763-7504-4B6C-8037-92237487741D}.Debug|Any CPU.Build.0 = Debug|Any CPU
		{7650C763-7504-4B6C-8037-92237487741D}.Release|Any CPU.ActiveCfg = Release|Any CPU
		{7650C763-7504-4B6C-8037-92237487741D}.Release|Any CPU.Build.0 = Release|Any CPU
		{E2A02D35-08C9-4256-AD41-9C12B3BD6073}.Debug|Any CPU.ActiveCfg = Debug|Any CPU
		{E2A02D35-08C9-4256-AD41-9C12B3BD6073}.Debug|Any CPU.Build.0 = Debug|Any CPU
		{E2A02D35-08C9-4256-AD41-9C12B3BD6073}.Release|Any CPU.ActiveCfg = Release|Any CPU
		{E2A02D35-08C9-4256-AD41-9C12B3BD6073}.Release|Any CPU.Build.0 = Release|Any CPU
		{74C245AA-2561-4A2A-ADBD-E7D4045F6227}.Debug|Any CPU.ActiveCfg = Debug|Any CPU
		{74C245AA-2561-4A2A-ADBD-E7D4045F6227}.Debug|Any CPU.Build.0 = Debug|Any CPU
		{74C245AA-2561-4A2A-ADBD-E7D4045F6227}.Release|Any CPU.ActiveCfg = Release|Any CPU
		{74C245AA-2561-4A2A-ADBD-E7D4045F6227}.Release|Any CPU.Build.0 = Release|Any CPU
		{D21D9F75-F1D7-42C7-998C-712CCE2F2F0E}.Debug|Any CPU.ActiveCfg = Debug|Any CPU
		{D21D9F75-F1D7-42C7-998C-712CCE2F2F0E}.Debug|Any CPU.Build.0 = Debug|Any CPU
		{D21D9F75-F1D7-42C7-998C-712CCE2F2F0E}.Release|Any CPU.ActiveCfg = Release|Any CPU
		{D21D9F75-F1D7-42C7-998C-712CCE2F2F0E}.Release|Any CPU.Build.0 = Release|Any CPU
		{FF564A60-1CC7-4BAE-B859-88DE35FDA77A}.Debug|Any CPU.ActiveCfg = Debug|Any CPU
		{FF564A60-1CC7-4BAE-B859-88DE35FDA77A}.Debug|Any CPU.Build.0 = Debug|Any CPU
		{FF564A60-1CC7-4BAE-B859-88DE35FDA77A}.Release|Any CPU.ActiveCfg = Release|Any CPU
		{FF564A60-1CC7-4BAE-B859-88DE35FDA77A}.Release|Any CPU.Build.0 = Release|Any CPU
		{0044B0CA-ABE2-4365-B1B2-1E347993B4AA}.Debug|Any CPU.ActiveCfg = Debug|Any CPU
		{0044B0CA-ABE2-4365-B1B2-1E347993B4AA}.Debug|Any CPU.Build.0 = Debug|Any CPU
		{0044B0CA-ABE2-4365-B1B2-1E347993B4AA}.Release|Any CPU.ActiveCfg = Release|Any CPU
		{0044B0CA-ABE2-4365-B1B2-1E347993B4AA}.Release|Any CPU.Build.0 = Release|Any CPU
		{BA492296-6396-413B-900B-AA9904768EF1}.Debug|Any CPU.ActiveCfg = Debug|Any CPU
		{BA492296-6396-413B-900B-AA9904768EF1}.Debug|Any CPU.Build.0 = Debug|Any CPU
		{BA492296-6396-413B-900B-AA9904768EF1}.Release|Any CPU.ActiveCfg = Release|Any CPU
		{BA492296-6396-413B-900B-AA9904768EF1}.Release|Any CPU.Build.0 = Release|Any CPU
		{A5A4DCEB-88ED-4B5F-A06D-DBCBC828D45F}.Debug|Any CPU.ActiveCfg = Debug|Any CPU
		{A5A4DCEB-88ED-4B5F-A06D-DBCBC828D45F}.Debug|Any CPU.Build.0 = Debug|Any CPU
		{A5A4DCEB-88ED-4B5F-A06D-DBCBC828D45F}.Release|Any CPU.ActiveCfg = Release|Any CPU
		{A5A4DCEB-88ED-4B5F-A06D-DBCBC828D45F}.Release|Any CPU.Build.0 = Release|Any CPU
		{DA098052-8409-40B0-8B31-640B2400AAB8}.Debug|Any CPU.ActiveCfg = Debug|Any CPU
		{DA098052-8409-40B0-8B31-640B2400AAB8}.Debug|Any CPU.Build.0 = Debug|Any CPU
		{DA098052-8409-40B0-8B31-640B2400AAB8}.Release|Any CPU.ActiveCfg = Release|Any CPU
		{DA098052-8409-40B0-8B31-640B2400AAB8}.Release|Any CPU.Build.0 = Release|Any CPU
		{9F27A62C-2A80-42F8-8BF0-3877B65C0427}.Debug|Any CPU.ActiveCfg = Debug|Any CPU
		{9F27A62C-2A80-42F8-8BF0-3877B65C0427}.Debug|Any CPU.Build.0 = Debug|Any CPU
		{9F27A62C-2A80-42F8-8BF0-3877B65C0427}.Release|Any CPU.ActiveCfg = Release|Any CPU
		{9F27A62C-2A80-42F8-8BF0-3877B65C0427}.Release|Any CPU.Build.0 = Release|Any CPU
		{F05238CC-F50C-437B-8AFE-41784E864139}.Debug|Any CPU.ActiveCfg = Debug|Any CPU
		{F05238CC-F50C-437B-8AFE-41784E864139}.Debug|Any CPU.Build.0 = Debug|Any CPU
		{F05238CC-F50C-437B-8AFE-41784E864139}.Release|Any CPU.ActiveCfg = Release|Any CPU
		{F05238CC-F50C-437B-8AFE-41784E864139}.Release|Any CPU.Build.0 = Release|Any CPU
		{4CD01A37-76D8-4A6A-8822-014369C4243D}.Debug|Any CPU.ActiveCfg = Debug|Any CPU
		{4CD01A37-76D8-4A6A-8822-014369C4243D}.Debug|Any CPU.Build.0 = Debug|Any CPU
		{4CD01A37-76D8-4A6A-8822-014369C4243D}.Release|Any CPU.ActiveCfg = Release|Any CPU
		{4CD01A37-76D8-4A6A-8822-014369C4243D}.Release|Any CPU.Build.0 = Release|Any CPU
		{CE6673B9-1F7B-466E-8E79-03E5E5A0A1D1}.Debug|Any CPU.ActiveCfg = Debug|Any CPU
		{CE6673B9-1F7B-466E-8E79-03E5E5A0A1D1}.Debug|Any CPU.Build.0 = Debug|Any CPU
		{CE6673B9-1F7B-466E-8E79-03E5E5A0A1D1}.Release|Any CPU.ActiveCfg = Release|Any CPU
		{CE6673B9-1F7B-466E-8E79-03E5E5A0A1D1}.Release|Any CPU.Build.0 = Release|Any CPU
		{60CD1765-857B-4BC8-831E-7526264F1EC5}.Debug|Any CPU.ActiveCfg = Debug|Any CPU
		{60CD1765-857B-4BC8-831E-7526264F1EC5}.Debug|Any CPU.Build.0 = Debug|Any CPU
		{60CD1765-857B-4BC8-831E-7526264F1EC5}.Release|Any CPU.ActiveCfg = Release|Any CPU
		{60CD1765-857B-4BC8-831E-7526264F1EC5}.Release|Any CPU.Build.0 = Release|Any CPU
		{221EEF08-DE62-4336-87D0-1AB2A0BDBFA8}.Debug|Any CPU.ActiveCfg = Debug|Any CPU
		{221EEF08-DE62-4336-87D0-1AB2A0BDBFA8}.Debug|Any CPU.Build.0 = Debug|Any CPU
		{221EEF08-DE62-4336-87D0-1AB2A0BDBFA8}.Release|Any CPU.ActiveCfg = Release|Any CPU
		{221EEF08-DE62-4336-87D0-1AB2A0BDBFA8}.Release|Any CPU.Build.0 = Release|Any CPU
		{919F57BC-39FD-4EFC-A1F9-447A50D7A8B0}.Debug|Any CPU.ActiveCfg = Debug|Any CPU
		{919F57BC-39FD-4EFC-A1F9-447A50D7A8B0}.Debug|Any CPU.Build.0 = Debug|Any CPU
		{919F57BC-39FD-4EFC-A1F9-447A50D7A8B0}.Release|Any CPU.ActiveCfg = Release|Any CPU
		{919F57BC-39FD-4EFC-A1F9-447A50D7A8B0}.Release|Any CPU.Build.0 = Release|Any CPU
		{C9E1E3CD-1A25-4D33-B65E-845958519EE5}.Debug|Any CPU.ActiveCfg = Debug|Any CPU
		{C9E1E3CD-1A25-4D33-B65E-845958519EE5}.Debug|Any CPU.Build.0 = Debug|Any CPU
		{C9E1E3CD-1A25-4D33-B65E-845958519EE5}.Release|Any CPU.ActiveCfg = Release|Any CPU
		{C9E1E3CD-1A25-4D33-B65E-845958519EE5}.Release|Any CPU.Build.0 = Release|Any CPU
	EndGlobalSection
	GlobalSection(SolutionProperties) = preSolution
		HideSolutionNode = FALSE
	EndGlobalSection
	GlobalSection(NestedProjects) = preSolution
		{177D69BE-C6B7-4D1C-B489-C31F5441469D} = {D7471233-EE41-4080-8C58-12D5033C644A}
		{205DDE5D-D805-4CEF-8557-EE47994715E4} = {177D69BE-C6B7-4D1C-B489-C31F5441469D}
		{18FDEB2F-FAD3-4DD8-8DA8-B159ACA7E601} = {177D69BE-C6B7-4D1C-B489-C31F5441469D}
		{9031376E-3342-44C7-A625-32A0D1565E63} = {8B6B8128-AD7B-4331-9DC0-0AFE37FC45E1}
		{22B82993-5FA3-4C7C-841D-8D706580C62A} = {8B6B8128-AD7B-4331-9DC0-0AFE37FC45E1}
		{612AAC73-F928-4CD3-BE9C-7A580A70801B} = {8B6B8128-AD7B-4331-9DC0-0AFE37FC45E1}
		{B9C55B57-8B6D-40FA-B7D7-779BF403FA89} = {8B6B8128-AD7B-4331-9DC0-0AFE37FC45E1}
		{E884A655-AB70-4C73-8038-C873D33A134E} = {8B6B8128-AD7B-4331-9DC0-0AFE37FC45E1}
		{61042C03-F29B-4215-8A26-09395550B64F} = {9031376E-3342-44C7-A625-32A0D1565E63}
		{35FBFAA6-1F69-4A76-8822-62C9A5F8B26B} = {9031376E-3342-44C7-A625-32A0D1565E63}
		{A35E6B68-E557-4F13-8DCA-294ECC4BE538} = {22B82993-5FA3-4C7C-841D-8D706580C62A}
		{28788C31-2063-4659-8DC5-1A4F7F8A22FC} = {22B82993-5FA3-4C7C-841D-8D706580C62A}
		{EC1DB1BE-B3A9-4AC2-8700-34186E20444A} = {612AAC73-F928-4CD3-BE9C-7A580A70801B}
		{D35A48D3-EF46-4FEE-889D-904215328733} = {612AAC73-F928-4CD3-BE9C-7A580A70801B}
		{7965514A-09D8-4E76-81A5-173FE3FD0F6E} = {B9C55B57-8B6D-40FA-B7D7-779BF403FA89}
		{4935AB77-560F-4D05-8ACB-1AE1A8621EEB} = {B9C55B57-8B6D-40FA-B7D7-779BF403FA89}
		{F113FC93-32D0-417A-8093-D2C6CFDAEEA9} = {E884A655-AB70-4C73-8038-C873D33A134E}
		{7650C763-7504-4B6C-8037-92237487741D} = {E884A655-AB70-4C73-8038-C873D33A134E}
		{E14AB398-8319-41E2-8A0F-9E2316DBD217} = {D70DA070-FACF-45F0-B63F-22766D1E1D3E}
		{BCE225B2-085A-4460-B74B-09F317A393DA} = {D70DA070-FACF-45F0-B63F-22766D1E1D3E}
		{D86EF59A-4577-4064-9FDF-978860D6095C} = {D70DA070-FACF-45F0-B63F-22766D1E1D3E}
		{04C48AC7-49F3-4386-8699-D8BDA782AD35} = {D70DA070-FACF-45F0-B63F-22766D1E1D3E}
		{B8BF2940-968E-4DDF-8ADB-F3F0CE21C45C} = {D70DA070-FACF-45F0-B63F-22766D1E1D3E}
		{D0D4F129-F353-4898-ABA0-40EF812B366F} = {D70DA070-FACF-45F0-B63F-22766D1E1D3E}
		{402DC165-AB11-4C12-A186-E30BEE7FB9F4} = {D70DA070-FACF-45F0-B63F-22766D1E1D3E}
		{5AC8E2F9-D395-43AD-A8A9-628993206C83} = {D70DA070-FACF-45F0-B63F-22766D1E1D3E}
		{E2A02D35-08C9-4256-AD41-9C12B3BD6073} = {E14AB398-8319-41E2-8A0F-9E2316DBD217}
		{74C245AA-2561-4A2A-ADBD-E7D4045F6227} = {E14AB398-8319-41E2-8A0F-9E2316DBD217}
		{D21D9F75-F1D7-42C7-998C-712CCE2F2F0E} = {BCE225B2-085A-4460-B74B-09F317A393DA}
		{FF564A60-1CC7-4BAE-B859-88DE35FDA77A} = {BCE225B2-085A-4460-B74B-09F317A393DA}
		{0044B0CA-ABE2-4365-B1B2-1E347993B4AA} = {D86EF59A-4577-4064-9FDF-978860D6095C}
		{BA492296-6396-413B-900B-AA9904768EF1} = {04C48AC7-49F3-4386-8699-D8BDA782AD35}
		{A5A4DCEB-88ED-4B5F-A06D-DBCBC828D45F} = {B8BF2940-968E-4DDF-8ADB-F3F0CE21C45C}
		{DA098052-8409-40B0-8B31-640B2400AAB8} = {B8BF2940-968E-4DDF-8ADB-F3F0CE21C45C}
		{9F27A62C-2A80-42F8-8BF0-3877B65C0427} = {D0D4F129-F353-4898-ABA0-40EF812B366F}
		{F05238CC-F50C-437B-8AFE-41784E864139} = {D0D4F129-F353-4898-ABA0-40EF812B366F}
		{4CD01A37-76D8-4A6A-8822-014369C4243D} = {402DC165-AB11-4C12-A186-E30BEE7FB9F4}
		{CE6673B9-1F7B-466E-8E79-03E5E5A0A1D1} = {402DC165-AB11-4C12-A186-E30BEE7FB9F4}
		{60CD1765-857B-4BC8-831E-7526264F1EC5} = {5AC8E2F9-D395-43AD-A8A9-628993206C83}
		{221EEF08-DE62-4336-87D0-1AB2A0BDBFA8} = {5AC8E2F9-D395-43AD-A8A9-628993206C83}
		{BA112566-FFAA-4B5C-BD91-2F9FF03E9CDD} = {D70DA070-FACF-45F0-B63F-22766D1E1D3E}
		{919F57BC-39FD-4EFC-A1F9-447A50D7A8B0} = {BA112566-FFAA-4B5C-BD91-2F9FF03E9CDD}
		{C9E1E3CD-1A25-4D33-B65E-845958519EE5} = {BA112566-FFAA-4B5C-BD91-2F9FF03E9CDD}
	EndGlobalSection
	GlobalSection(ExtensibilityGlobals) = postSolution
		EnterpriseLibraryConfigurationToolBinariesPathV6 = packages\EnterpriseLibrary.Common.6.0.1304.0\lib\NET45;packages\EnterpriseLibrary.TransientFaultHandling.6.0.1304.0\lib\portable-net45+win+wp8;packages\EnterpriseLibrary.TransientFaultHandling.Caching.6.0.1304.0\lib\NET45;packages\EnterpriseLibrary.TransientFaultHandling.Data.6.0.1304.1\lib\NET45;packages\EnterpriseLibrary.TransientFaultHandling.ServiceBus.6.0.1304.0\lib\NET45;packages\EnterpriseLibrary.TransientFaultHandling.WindowsAzure.Storage.6.0.1304.0\lib\NET45;packages\EnterpriseLibrary.TransientFaultHandling.Configuration.6.0.1304.0\lib\NET45
		SolutionGuid = {56412AC7-41FC-4C49-8CEC-4FE3EE7CF1D2}
	EndGlobalSection
EndGlobal
